Microsoft Visual Studio Solution File, Format Version 12.00
# Visual Studio Version 17
VisualStudioVersion = 17.10.34804.81
MinimumVisualStudioVersion = 10.0.40219.1
Project("{9A19103F-16F7-4668-BE54-9A1E7A4F7556}") = "DevExpress.Server", "Server\DevExpress.Server.csproj", "{6148FC0A-91B1-4195-B71D-792F8FB29875}"
EndProject
Project("{9A19103F-16F7-4668-BE54-9A1E7A4F7556}") = "DevExpress.Client", "Client\DevExpress.Client.csproj", "{78886345-7921-4FBE-B1EA-7FBF0D6C954B}"
EndProject
Project("{9A19103F-16F7-4668-BE54-9A1E7A4F7556}") = "DevExpress.Shared", "Shared\DevExpress.Shared.csproj", "{492DEF5C-7625-4194-865F-F72C605CC35D}"
EndProject
Global
	GlobalSection(SolutionConfigurationPlatforms) = preSolution
		Debug|Any CPU = Debug|Any CPU
		Release|Any CPU = Release|Any CPU
	EndGlobalSection
	GlobalSection(ProjectConfigurationPlatforms) = postSolution
		{6148FC0A-91B1-4195-B71D-792F8FB29875}.Debug|Any CPU.ActiveCfg = Debug|Any CPU
		{6148FC0A-91B1-4195-B71D-792F8FB29875}.Debug|Any CPU.Build.0 = Debug|Any CPU
		{6148FC0A-91B1-4195-B71D-792F8FB29875}.Release|Any CPU.ActiveCfg = Release|Any CPU
		{6148FC0A-91B1-4195-B71D-792F8FB29875}.Release|Any CPU.Build.0 = Release|Any CPU
		{78886345-7921-4FBE-B1EA-7FBF0D6C954B}.Debug|Any CPU.ActiveCfg = Debug|Any CPU
		{78886345-7921-4FBE-B1EA-7FBF0D6C954B}.Debug|Any CPU.Build.0 = Debug|Any CPU
		{78886345-7921-4FBE-B1EA-7FBF0D6C954B}.Release|Any CPU.ActiveCfg = Release|Any CPU
		{78886345-7921-4FBE-B1EA-7FBF0D6C954B}.Release|Any CPU.Build.0 = Release|Any CPU
		{492DEF5C-7625-4194-865F-F72C605CC35D}.Debug|Any CPU.ActiveCfg = Debug|Any CPU
		{492DEF5C-7625-4194-865F-F72C605CC35D}.Debug|Any CPU.Build.0 = Debug|Any CPU
		{492DEF5C-7625-4194-865F-F72C605CC35D}.Release|Any CPU.ActiveCfg = Release|Any CPU
		{492DEF5C-7625-4194-865F-F72C605CC35D}.Release|Any CPU.Build.0 = Release|Any CPU
	EndGlobalSection
	GlobalSection(SolutionProperties) = preSolution
		HideSolutionNode = FALSE
	EndGlobalSection
	GlobalSection(ExtensibilityGlobals) = postSolution
		SolutionGuid = {954552DA-3895-4E9B-9105-7D2216A37515}
	EndGlobalSection
EndGlobal
